# THIS IS AN AUTOGENERATED FILE. DO NOT EDIT THIS FILE DIRECTLY.
# yarn lockfile v1


asap@~2.0.3:
  version "2.0.6"
  resolved "https://registry.yarnpkg.com/asap/-/asap-2.0.6.tgz#e50347611d7e690943208bbdafebcbc2fb866d46"

hyperdeck-js-lib@^1.5.0:
  version "1.5.0"
  resolved "https://registry.yarnpkg.com/hyperdeck-js-lib/-/hyperdeck-js-lib-1.5.0.tgz#fd7356bb5149bfced286780812a655ebf4b0f019"
  dependencies:
    js-logger "^1.2.0"
    promise "^8.0.1"

js-logger@^1.2.0:
  version "1.4.1"
  resolved "https://registry.yarnpkg.com/js-logger/-/js-logger-1.4.1.tgz#f0230dc5e84e120f213d6e5a6b767a913d290335"

promise@^8.0.1:
  version "8.0.1"
  resolved "https://registry.yarnpkg.com/promise/-/promise-8.0.1.tgz#e45d68b00a17647b6da711bf85ed6ed47208f450"
  dependencies:
    asap "~2.0.3"
