# THIS IS AN AUTOGENERATED FILE. DO NOT EDIT THIS FILE DIRECTLY.
# yarn lockfile v1


hyperdeck-connection@1.0.0:
  version "1.0.0"
  resolved "https://registry.yarnpkg.com/hyperdeck-connection/-/hyperdeck-connection-1.0.0.tgz#7f3dfaf4fcd27137e0e2367c90a858630871962a"
  integrity sha512-Q1OsWivSCroaGga2Qh8Xtw8A5bOmkTiCp58iNTjrSsnJHAOMAuufD268MiiVj8jpx+crg28Z9Rpvy7UyzaQceg==
  dependencies:
    tslib "^2.3.1"

smpte-timecode@1.2.3:
  version "1.2.3"
  resolved "https://registry.yarnpkg.com/smpte-timecode/-/smpte-timecode-1.2.3.tgz#272ac8826724ce793d956109cfd3982b2f6b1893"
  integrity sha512-6U+vdStmprzmpzEWS+9pw8GfiChBcMmJOdJxBjaXlGJhB9U/jcQhvh0buxJzEfhuX8E0OfYJy4hayBgAO92dBg==

tslib@^2.3.1:
  version "2.3.1"
  resolved "https://registry.yarnpkg.com/tslib/-/tslib-2.3.1.tgz#e8a335add5ceae51aa261d32a490158ef042ef01"
  integrity sha512-77EbyPPpMz+FRFRuAFlWMtmgUWGe9UOG2Z25NqCwiIjRhOf5iKGuzSe5P2w1laq+FkRy4p+PCuVkJSGkzTEKVw==
