# THIS IS AN AUTOGENERATED FILE. DO NOT EDIT THIS FILE DIRECTLY.
# yarn lockfile v1


hyperdeck-connection@^0.4.3:
  version "0.4.3"
  resolved "https://registry.yarnpkg.com/hyperdeck-connection/-/hyperdeck-connection-0.4.3.tgz#d74a9bb1cf605ae959a8d47b9a48402e1bacabe1"
  integrity sha512-sWttURBO2qht9lDPYWQCdl2L+QRzjraoE9vNhS4uTynouD5hRczh2o6tSe6FrloiBAD9d3MtPggidEmO/X0sKA==
  dependencies:
    tslib "^1.9.0"
    underscore "^1.9.1"
    underscore-deep-extend "^1.1.5"

tslib@^1.9.0:
  version "1.10.0"
  resolved "https://registry.yarnpkg.com/tslib/-/tslib-1.10.0.tgz#c3c19f95973fb0a62973fb09d90d961ee43e5c8a"
  integrity sha512-qOebF53frne81cf0S9B41ByenJ3/IuH8yJKngAX35CmiZySA0khhkovshKK+jGCaMnVomla7gVlIcc3EvKPbTQ==

underscore-deep-extend@^1.1.5:
  version "1.1.5"
  resolved "https://registry.yarnpkg.com/underscore-deep-extend/-/underscore-deep-extend-1.1.5.tgz#962ba1f8b3bb2e2afd182ed86f2e5275543c52bd"
  integrity sha1-liuh+LO7Lir9GC7Yby5SdVQ8Ur0=

underscore@^1.9.1:
  version "1.9.2"
  resolved "https://registry.yarnpkg.com/underscore/-/underscore-1.9.2.tgz#0c8d6f536d6f378a5af264a72f7bec50feb7cf2f"
  integrity sha512-D39qtimx0c1fI3ya1Lnhk3E9nONswSKhnffBI0gME9C99fYOkNi04xs8K6pePLhvl1frbDemkaBQ5ikWllR2HQ==
